// !$*UTF8*$!
{
	archiveVersion = 1;
	classes = {
	};
	objectVersion = 46;
	objects = {

/* Begin PBXBuildFile section */
		83321DF71D1487DA0006C76F /* Extensions.swift in Sources */ = {isa = PBXBuildFile; fileRef = 83321DF61D1487DA0006C76F /* Extensions.swift */; };
		_LinkFileRef_AlchemyInterpolation_via_AlchemyInterpolationTestSuite /* AlchemyInterpolation.framework in Frameworks */ = {isa = PBXBuildFile; fileRef = "_____Product_AlchemyInterpolation" /* AlchemyInterpolation.framework */; };
		__src_cc_ref_Sources/AlchemyInterpolation.swift /* Interpolation.swift in Sources */ = {isa = PBXBuildFile; fileRef = __PBXFileRef_Sources/AlchemyInterpolation.swift /* Interpolation.swift */; };
		__src_cc_ref_Tests/AlchemyInterpolation/AlchemyInterpolationTests.swift /* AlchemyInterpolationTests.swift in Sources */ = {isa = PBXBuildFile; fileRef = __PBXFileRef_Tests/AlchemyInterpolation/AlchemyInterpolationTests.swift /* AlchemyInterpolationTests.swift */; };
/* End PBXBuildFile section */

/* Begin PBXContainerItemProxy section */
		835F11541D14060000785D83 /* PBXContainerItemProxy */ = {
			isa = PBXContainerItemProxy;
			containerPortal = __RootObject_ /* Project object */;
			proxyType = 1;
			remoteGlobalIDString = "______Target_AlchemyInterpolation";
			remoteInfo = AlchemyInterpolation;
		};
/* End PBXContainerItemProxy section */

/* Begin PBXFileReference section */
		83321DF51D141F5C0006C76F /* Demo.playground */ = {isa = PBXFileReference; lastKnownFileType = file.playground; path = Demo.playground; sourceTree = "<group>"; };
		83321DF61D1487DA0006C76F /* Extensions.swift */ = {isa = PBXFileReference; fileEncoding = 4; lastKnownFileType = sourcecode.swift; name = Extensions.swift; path = Sources/Extensions.swift; sourceTree = "<group>"; };
		835F11551D14065700785D83 /* LICENSE.md */ = {isa = PBXFileReference; fileEncoding = 4; lastKnownFileType = net.daringfireball.markdown; path = LICENSE.md; sourceTree = "<group>"; };
		835F11561D14065700785D83 /* README.md */ = {isa = PBXFileReference; fileEncoding = 4; lastKnownFileType = net.daringfireball.markdown; path = README.md; sourceTree = "<group>"; };
		__PBXFileRef_AlchemyInterpolation.xcodeproj/Configs/Project.xcconfig /* Project.xcconfig */ = {isa = PBXFileReference; lastKnownFileType = text.xcconfig; name = Project.xcconfig; path = AlchemyInterpolation.xcodeproj/Configs/Project.xcconfig; sourceTree = "<group>"; };
		__PBXFileRef_AlchemyInterpolationTestSuite_Info.plist /* AlchemyInterpolationTestSuite_Info.plist */ = {isa = PBXFileReference; lastKnownFileType = text.plist.xml; name = AlchemyInterpolationTestSuite_Info.plist; path = AlchemyInterpolation.xcodeproj/AlchemyInterpolationTestSuite_Info.plist; sourceTree = SOURCE_ROOT; };
		__PBXFileRef_AlchemyInterpolation_Info.plist /* AlchemyInterpolation_Info.plist */ = {isa = PBXFileReference; lastKnownFileType = text.plist.xml; name = AlchemyInterpolation_Info.plist; path = AlchemyInterpolation.xcodeproj/AlchemyInterpolation_Info.plist; sourceTree = SOURCE_ROOT; };
		__PBXFileRef_Package.swift /* Package.swift */ = {isa = PBXFileReference; lastKnownFileType = sourcecode.swift; path = Package.swift; sourceTree = "<group>"; };
		__PBXFileRef_Sources/AlchemyInterpolation.swift /* Interpolation.swift */ = {isa = PBXFileReference; lastKnownFileType = sourcecode.swift; name = Interpolation.swift; path = Sources/Interpolation.swift; sourceTree = "<group>"; };
		__PBXFileRef_Tests/AlchemyInterpolation/AlchemyInterpolationTests.swift /* AlchemyInterpolationTests.swift */ = {isa = PBXFileReference; lastKnownFileType = sourcecode.swift; path = AlchemyInterpolationTests.swift; sourceTree = "<group>"; };
		"_____Product_AlchemyInterpolation" /* AlchemyInterpolation.framework */ = {isa = PBXFileReference; explicitFileType = wrapper.framework; path = AlchemyInterpolation.framework; sourceTree = BUILT_PRODUCTS_DIR; };
		"_____Product_AlchemyInterpolationTestSuite" /* AlchemyInterpolationTestSuite.xctest */ = {isa = PBXFileReference; lastKnownFileType = file; path = AlchemyInterpolationTestSuite.xctest; sourceTree = BUILT_PRODUCTS_DIR; };
/* End PBXFileReference section */

/* Begin PBXFrameworksBuildPhase section */
		"___LinkPhase_AlchemyInterpolation" /* Frameworks */ = {
			isa = PBXFrameworksBuildPhase;
			buildActionMask = 0;
			files = (
			);
			runOnlyForDeploymentPostprocessing = 0;
		};
		"___LinkPhase_AlchemyInterpolationTestSuite" /* Frameworks */ = {
			isa = PBXFrameworksBuildPhase;
			buildActionMask = 0;
			files = (
				_LinkFileRef_AlchemyInterpolation_via_AlchemyInterpolationTestSuite /* AlchemyInterpolation.framework in Frameworks */,
			);
			runOnlyForDeploymentPostprocessing = 0;
		};
/* End PBXFrameworksBuildPhase section */

/* Begin PBXGroup section */
		83321DF41D1408750006C76F /* Supporting Files */ = {
			isa = PBXGroup;
			children = (
				__PBXFileRef_AlchemyInterpolation_Info.plist /* AlchemyInterpolation_Info.plist */,
				__PBXFileRef_AlchemyInterpolationTestSuite_Info.plist /* AlchemyInterpolationTestSuite_Info.plist */,
			);
			name = "Supporting Files";
			sourceTree = "<group>";
		};
		TestProducts_ /* Tests */ = {
			isa = PBXGroup;
			children = (
				"_____Product_AlchemyInterpolationTestSuite" /* AlchemyInterpolationTestSuite.xctest */,
			);
			name = Tests;
			sourceTree = "<group>";
		};
		"___RootGroup_" = {
			isa = PBXGroup;
			children = (
				835F11551D14065700785D83 /* LICENSE.md */,
				835F11561D14065700785D83 /* README.md */,
				__PBXFileRef_Package.swift /* Package.swift */,
				83321DF51D141F5C0006C76F /* Demo.playground */,
				"_____Configs_" /* Configs */,
				"_____Sources_" /* Sources */,
				83321DF41D1408750006C76F /* Supporting Files */,
				"_______Tests_" /* Tests */,
				"____Products_" /* Products */,
			);
			sourceTree = "<group>";
		};
		"____Products_" /* Products */ = {
			isa = PBXGroup;
			children = (
				TestProducts_ /* Tests */,
				"_____Product_AlchemyInterpolation" /* AlchemyInterpolation.framework */,
			);
			name = Products;
			sourceTree = "<group>";
		};
		"_____Configs_" /* Configs */ = {
			isa = PBXGroup;
			children = (
				__PBXFileRef_AlchemyInterpolation.xcodeproj/Configs/Project.xcconfig /* Project.xcconfig */,
			);
			name = Configs;
			sourceTree = "<group>";
		};
		"_____Sources_" /* Sources */ = {
			isa = PBXGroup;
			children = (
				83321DF61D1487DA0006C76F /* Extensions.swift */,
				__PBXFileRef_Sources/AlchemyInterpolation.swift /* Interpolation.swift */,
			);
			name = Sources;
			sourceTree = "<group>";
		};
		"_______Group_AlchemyInterpolationTestSuite" /* AlchemyInterpolationTestSuite */ = {
			isa = PBXGroup;
			children = (
				__PBXFileRef_Tests/AlchemyInterpolation/AlchemyInterpolationTests.swift /* AlchemyInterpolationTests.swift */,
			);
			name = AlchemyInterpolationTestSuite;
			path = Tests/AlchemyInterpolation;
			sourceTree = "<group>";
		};
		"_______Tests_" /* Tests */ = {
			isa = PBXGroup;
			children = (
				"_______Group_AlchemyInterpolationTestSuite" /* AlchemyInterpolationTestSuite */,
			);
			name = Tests;
			sourceTree = "<group>";
		};
/* End PBXGroup section */

/* Begin PBXNativeTarget section */
		"______Target_AlchemyInterpolation" /* AlchemyInterpolation */ = {
			isa = PBXNativeTarget;
			buildConfigurationList = "_______Confs_AlchemyInterpolation" /* Build configuration list for PBXNativeTarget "AlchemyInterpolation" */;
			buildPhases = (
				CompilePhase_AlchemyInterpolation /* Sources */,
				"___LinkPhase_AlchemyInterpolation" /* Frameworks */,
			);
			buildRules = (
			);
			dependencies = (
			);
			name = AlchemyInterpolation;
			productName = AlchemyInterpolation;
			productReference = "_____Product_AlchemyInterpolation" /* AlchemyInterpolation.framework */;
			productType = "com.apple.product-type.framework";
		};
		"______Target_AlchemyInterpolationTestSuite" /* AlchemyInterpolationTestSuite */ = {
			isa = PBXNativeTarget;
			buildConfigurationList = "_______Confs_AlchemyInterpolationTestSuite" /* Build configuration list for PBXNativeTarget "AlchemyInterpolationTestSuite" */;
			buildPhases = (
				CompilePhase_AlchemyInterpolationTestSuite /* Sources */,
				"___LinkPhase_AlchemyInterpolationTestSuite" /* Frameworks */,
			);
			buildRules = (
			);
			dependencies = (
				__Dependency_AlchemyInterpolation /* PBXTargetDependency */,
			);
			name = AlchemyInterpolationTestSuite;
			productName = AlchemyInterpolationTestSuite;
			productReference = "_____Product_AlchemyInterpolationTestSuite" /* AlchemyInterpolationTestSuite.xctest */;
			productType = "com.apple.product-type.bundle.unit-test";
		};
/* End PBXNativeTarget section */

/* Begin PBXProject section */
		__RootObject_ /* Project object */ = {
			isa = PBXProject;
			attributes = {
				LastUpgradeCheck = 9999;
			};
			buildConfigurationList = "___RootConfs_" /* Build configuration list for PBXProject "AlchemyInterpolation" */;
			compatibilityVersion = "Xcode 3.2";
			developmentRegion = English;
			hasScannedForEncodings = 0;
			knownRegions = (
				en,
			);
			mainGroup = "___RootGroup_";
			productRefGroup = "____Products_" /* Products */;
			projectDirPath = "";
			projectRoot = "";
			targets = (
				"______Target_AlchemyInterpolation" /* AlchemyInterpolation */,
				"______Target_AlchemyInterpolationTestSuite" /* AlchemyInterpolationTestSuite */,
			);
		};
/* End PBXProject section */

/* Begin PBXSourcesBuildPhase section */
		CompilePhase_AlchemyInterpolation /* Sources */ = {
			isa = PBXSourcesBuildPhase;
			buildActionMask = 0;
			files = (
				__src_cc_ref_Sources/AlchemyInterpolation.swift /* Interpolation.swift in Sources */,
				83321DF71D1487DA0006C76F /* Extensions.swift in Sources */,
			);
			runOnlyForDeploymentPostprocessing = 0;
		};
		CompilePhase_AlchemyInterpolationTestSuite /* Sources */ = {
			isa = PBXSourcesBuildPhase;
			buildActionMask = 0;
			files = (
				__src_cc_ref_Tests/AlchemyInterpolation/AlchemyInterpolationTests.swift /* AlchemyInterpolationTests.swift in Sources */,
			);
			runOnlyForDeploymentPostprocessing = 0;
		};
/* End PBXSourcesBuildPhase section */

/* Begin PBXTargetDependency section */
		__Dependency_AlchemyInterpolation /* PBXTargetDependency */ = {
			isa = PBXTargetDependency;
			target = "______Target_AlchemyInterpolation" /* AlchemyInterpolation */;
			targetProxy = 835F11541D14060000785D83 /* PBXContainerItemProxy */;
		};
/* End PBXTargetDependency section */

/* Begin XCBuildConfiguration section */
		_ReleaseConf_AlchemyInterpolation /* Release */ = {
			isa = XCBuildConfiguration;
			buildSettings = {
				CURRENT_PROJECT_VERSION = 0.1.0;
				ENABLE_TESTABILITY = YES;
				INFOPLIST_FILE = AlchemyInterpolation.xcodeproj/AlchemyInterpolation_Info.plist;
				LD_RUNPATH_SEARCH_PATHS = "$(TOOLCHAIN_DIR)/usr/lib/swift/macosx";
				OTHER_LDFLAGS = "$(inherited)";
				OTHER_SWIFT_FLAGS = "$(inherited)";
				PRODUCT_BUNDLE_IDENTIFIER = "com.palomidez.alchemy-interpolation";
				PRODUCT_MODULE_NAME = "$(TARGET_NAME:c99extidentifier)";
				PRODUCT_NAME = "$(TARGET_NAME:c99extidentifier)";
				VERSIONING_SYSTEM = "apple-generic";
			};
			name = Release;
		};
		_ReleaseConf_AlchemyInterpolationTestSuite /* Release */ = {
			isa = XCBuildConfiguration;
			buildSettings = {
				EMBEDDED_CONTENT_CONTAINS_SWIFT = YES;
				INFOPLIST_FILE = AlchemyInterpolation.xcodeproj/AlchemyInterpolationTestSuite_Info.plist;
				LD_RUNPATH_SEARCH_PATHS = "@loader_path/../Frameworks";
				OTHER_LDFLAGS = "$(inherited)";
				OTHER_SWIFT_FLAGS = "$(inherited)";
			};
			name = Release;
		};
		"___DebugConf_AlchemyInterpolation" /* Debug */ = {
			isa = XCBuildConfiguration;
			buildSettings = {
				CURRENT_PROJECT_VERSION = 0.1.0;
				ENABLE_TESTABILITY = YES;
				INFOPLIST_FILE = AlchemyInterpolation.xcodeproj/AlchemyInterpolation_Info.plist;
				LD_RUNPATH_SEARCH_PATHS = "$(TOOLCHAIN_DIR)/usr/lib/swift/macosx";
				OTHER_LDFLAGS = "$(inherited)";
				OTHER_SWIFT_FLAGS = "$(inherited)";
				PRODUCT_BUNDLE_IDENTIFIER = "com.palomidez.alchemy-interpolation";
				PRODUCT_MODULE_NAME = "$(TARGET_NAME:c99extidentifier)";
				PRODUCT_NAME = "$(TARGET_NAME:c99extidentifier)";
				SWIFT_OPTIMIZATION_LEVEL = "-Onone";
				VERSIONING_SYSTEM = "apple-generic";
			};
			name = Debug;
		};
		"___DebugConf_AlchemyInterpolationTestSuite" /* Debug */ = {
			isa = XCBuildConfiguration;
			buildSettings = {
				EMBEDDED_CONTENT_CONTAINS_SWIFT = YES;
				INFOPLIST_FILE = AlchemyInterpolation.xcodeproj/AlchemyInterpolationTestSuite_Info.plist;
				LD_RUNPATH_SEARCH_PATHS = "@loader_path/../Frameworks";
				OTHER_LDFLAGS = "$(inherited)";
				OTHER_SWIFT_FLAGS = "$(inherited)";
				SWIFT_OPTIMIZATION_LEVEL = "-Onone";
			};
			name = Debug;
		};
		"_____Release_" /* Release */ = {
			isa = XCBuildConfiguration;
			baseConfigurationReference = __PBXFileRef_AlchemyInterpolation.xcodeproj/Configs/Project.xcconfig /* Project.xcconfig */;
			buildSettings = {
			};
			name = Release;
		};
		"_______Debug_" /* Debug */ = {
			isa = XCBuildConfiguration;
			baseConfigurationReference = __PBXFileRef_AlchemyInterpolation.xcodeproj/Configs/Project.xcconfig /* Project.xcconfig */;
			buildSettings = {
			};
			name = Debug;
		};
/* End XCBuildConfiguration section */

/* Begin XCConfigurationList section */
		"___RootConfs_" /* Build configuration list for PBXProject "AlchemyInterpolation" */ = {
			isa = XCConfigurationList;
			buildConfigurations = (
				"_______Debug_" /* Debug */,
				"_____Release_" /* Release */,
			);
			defaultConfigurationIsVisible = 0;
			defaultConfigurationName = Debug;
		};
		"_______Confs_AlchemyInterpolation" /* Build configuration list for PBXNativeTarget "AlchemyInterpolation" */ = {
			isa = XCConfigurationList;
			buildConfigurations = (
				"___DebugConf_AlchemyInterpolation" /* Debug */,
				_ReleaseConf_AlchemyInterpolation /* Release */,
			);
			defaultConfigurationIsVisible = 0;
			defaultConfigurationName = Debug;
		};
		"_______Confs_AlchemyInterpolationTestSuite" /* Build configuration list for PBXNativeTarget "AlchemyInterpolationTestSuite" */ = {
			isa = XCConfigurationList;
			buildConfigurations = (
				"___DebugConf_AlchemyInterpolationTestSuite" /* Debug */,
				_ReleaseConf_AlchemyInterpolationTestSuite /* Release */,
			);
			defaultConfigurationIsVisible = 0;
			defaultConfigurationName = Debug;
		};
/* End XCConfigurationList section */
	};
	rootObject = __RootObject_ /* Project object */;
}
